
Microsoft Visual Studio Solution File, Format Version 12.00
# Visual Studio Version 17
VisualStudioVersion = 17.1.32228.430
MinimumVisualStudioVersion = 10.0.40219.1
Project("{9A19103F-16F7-4668-BE54-9A1E7A4F7556}") = "WPF.Bindings", "WPF.Bindings\WPF.Bindings.csproj", "{47E9A1C8-3230-4585-8CD7-18481E8AF66F}"
EndProject
Project("{FAE04EC0-301F-11D3-BF4B-00C04F79EFBC}") = "Practice", "Practice\Practice.csproj", "{66A9345C-F95D-4C78-8F37-338A5A7C05CB}"
EndProject
Project("{FAE04EC0-301F-11D3-BF4B-00C04F79EFBC}") = "Homework", "Homework\Homework.csproj", "{D14D6DBD-5820-4BB3-8661-C0328E423D6D}"
EndProject
Project("{FAE04EC0-301F-11D3-BF4B-00C04F79EFBC}") = "HomeworkResolved", "HomeworkResolved\HomeworkResolved.csproj", "{FAF7B65E-0BD4-48CF-B1D1-D57F1DF20D13}"
EndProject
Global
	GlobalSection(SolutionConfigurationPlatforms) = preSolution
		Debug|Any CPU = Debug|Any CPU
		Release|Any CPU = Release|Any CPU
	EndGlobalSection
	GlobalSection(ProjectConfigurationPlatforms) = postSolution
		{47E9A1C8-3230-4585-8CD7-18481E8AF66F}.Debug|Any CPU.ActiveCfg = Debug|Any CPU
		{47E9A1C8-3230-4585-8CD7-18481E8AF66F}.Debug|Any CPU.Build.0 = Debug|Any CPU
		{47E9A1C8-3230-4585-8CD7-18481E8AF66F}.Release|Any CPU.ActiveCfg = Release|Any CPU
		{47E9A1C8-3230-4585-8CD7-18481E8AF66F}.Release|Any CPU.Build.0 = Release|Any CPU
		{66A9345C-F95D-4C78-8F37-338A5A7C05CB}.Debug|Any CPU.ActiveCfg = Debug|Any CPU
		{66A9345C-F95D-4C78-8F37-338A5A7C05CB}.Debug|Any CPU.Build.0 = Debug|Any CPU
		{66A9345C-F95D-4C78-8F37-338A5A7C05CB}.Release|Any CPU.ActiveCfg = Release|Any CPU
		{66A9345C-F95D-4C78-8F37-338A5A7C05CB}.Release|Any CPU.Build.0 = Release|Any CPU
		{D14D6DBD-5820-4BB3-8661-C0328E423D6D}.Debug|Any CPU.ActiveCfg = Debug|Any CPU
		{D14D6DBD-5820-4BB3-8661-C0328E423D6D}.Debug|Any CPU.Build.0 = Debug|Any CPU
		{D14D6DBD-5820-4BB3-8661-C0328E423D6D}.Release|Any CPU.ActiveCfg = Release|Any CPU
		{D14D6DBD-5820-4BB3-8661-C0328E423D6D}.Release|Any CPU.Build.0 = Release|Any CPU
		{FAF7B65E-0BD4-48CF-B1D1-D57F1DF20D13}.Debug|Any CPU.ActiveCfg = Debug|Any CPU
		{FAF7B65E-0BD4-48CF-B1D1-D57F1DF20D13}.Debug|Any CPU.Build.0 = Debug|Any CPU
		{FAF7B65E-0BD4-48CF-B1D1-D57F1DF20D13}.Release|Any CPU.ActiveCfg = Release|Any CPU
		{FAF7B65E-0BD4-48CF-B1D1-D57F1DF20D13}.Release|Any CPU.Build.0 = Release|Any CPU
	EndGlobalSection
	GlobalSection(SolutionProperties) = preSolution
		HideSolutionNode = FALSE
	EndGlobalSection
	GlobalSection(ExtensibilityGlobals) = postSolution
		SolutionGuid = {51533B78-01CD-43CB-ADB5-64A060C2753E}
	EndGlobalSection
EndGlobal
